{"1.2.0",
[{<<"cowboy">>,{pkg,<<"cowboy">>,<<"2.15.0">>},0},
 {<<"cowlib">>,{pkg,<<"cowlib">>,<<"2.16.0">>},1},
 {<<"quicer">>,{pkg,<<"quicer">>,<<"0.2.15">>},0},
 {<<"ranch">>,{pkg,<<"ranch">>,<<"2.2.0">>},1},
 {<<"snabbkaffe">>,{pkg,<<"snabbkaffe">>,<<"1.0.10">>},1}]}.
[
{pkg_hash,[
 {<<"cowboy">>, <<"9CFE86ED7117BF045E10ADBEDB0170AF7BE57F2A3637E7BE143433D8DD267396">>},
 {<<"cowlib">>, <<"54592074EBBBB92EE4746C8A8846E5605052F29309D3A873468D76CDF932076F">>},
 {<<"quicer">>, <<"775FCFA09C9CE5A4A00D23C1C8B1E81CD361EBC847E43BB766EFAC4373CDB1B8">>},
 {<<"ranch">>, <<"25528F82BC8D7C6152C57666CA99EC716510FE0925CB188172F41CE93117B1B0">>},
 {<<"snabbkaffe">>, <<"9BE2F54F61FC6862391B666B2B5B76C3FA53598E2989A17CEF1B48CF347A8A63">>}]},
{pkg_hash_ext,[
 {<<"cowboy">>, <<"179FB65140FB440A17B767AD53B755081506F9596C4DB5C49C0396D8C8643668">>},
 {<<"cowlib">>, <<"7F478D80D66B747344F0EA7708C187645CFCC08B11AA424632F78E25BF05DB51">>},
 {<<"quicer">>, <<"52236D9384A541341706BCAE438E81B209FA21D2045D3DF317F8BA5BEDA6A8E5">>},
 {<<"ranch">>, <<"FA0B99A1780C80218A4197A59EA8D3BDAE32FBFF7E88527D7D8A4787EFF4F8E7">>},
 {<<"snabbkaffe">>, <<"70A98DF36AE756908D55B5770891D443D63C903833E3E87D544036E13D4FAC26">>}]}
].
